PATH
  remote: .
  specs:
    paysafe (0.16.0)
      http (>= 4, < 7)

GEM
  remote: https://rubygems.org/
  specs:
    addressable (2.8.9)
      public_suffix (>= 2.0.2, < 8.0)
    ansi (1.5.0)
    base64 (0.3.0)
    bigdecimal (4.0.1)
    builder (3.3.0)
    cgi (0.5.1)
    crack (1.0.1)
      bigdecimal
      rexml
    docile (1.4.1)
    domain_name (0.6.20240107)
    dotenv (3.2.0)
    drb (2.2.3)
    hashdiff (1.2.1)
    http (6.0.1)
      http-cookie (~> 1.0)
      llhttp (~> 0.6.1)
    http-cookie (1.1.0)
      domain_name (~> 0.5)
    llhttp (0.6.1)
    minitest (6.0.2)
      drb (~> 2.0)
      prism (~> 1.5)
    minitest-reporters (1.7.1)
      ansi
      builder
      minitest (>= 5.0)
      ruby-progressbar
    prism (1.9.0)
    public_suffix (7.0.5)
    rake (13.3.1)
    rexml (3.4.4)
    ruby-progressbar (1.13.0)
    simplecov (0.22.0)
      docile (~> 1.1)
      simplecov-html (~> 0.11)
      simplecov_json_formatter (~> 0.1)
    simplecov-cobertura (3.1.0)
      rexml
      simplecov (~> 0.19)
    simplecov-html (0.13.2)
    simplecov_json_formatter (0.1.4)
    vcr (6.4.0)
    webmock (3.26.1)
      addressable (>= 2.8.0)
      crack (>= 0.3.2)
      hashdiff (>= 0.4.0, < 2.0.0)

PLATFORMS
  arm64-darwin-25
  ruby

DEPENDENCIES
  base64
  cgi
  dotenv
  minitest (~> 6.0)
  minitest-reporters
  paysafe!
  rake
  simplecov
  simplecov-cobertura
  vcr
  webmock

BUNDLED WITH
  4.0.3
